<?xml version="1.0" encoding="utf-8"?>
<Project ToolsVersion="4.0" xmlns="http://schemas.microsoft.com/developer/msbuild/2003">
  <ItemGroup>
    <Filter Include="DataSource">
      <UniqueIdentifier>{1cb43970-0f83-4a32-8927-28e02fdcbc94}</UniqueIdentifier>
    </Filter>
  </ItemGroup>
  <ItemGroup>
    <ClCompile Include="Sqf.cpp" />
    <ClCompile Include="Version.cpp" />
    <ClCompile Include="Startup.cpp" />
    <ClCompile Include="HiveExt.cpp" />
    <ClCompile Include="DataSource\DataSourceCharacter.cpp">
      <Filter>DataSource</Filter>
    </ClCompile>
    <ClCompile Include="DataSource\SqlDataSourceObject.cpp">
      <Filter>DataSource</Filter>
    </ClCompile>
    <ClCompile Include="DataSource\SqlDataSourceCharacter.cpp">
      <Filter>DataSource</Filter>
    </ClCompile>
    <ClCompile Include="DataSource\SqlDataSourceCustom.cpp">
      <Filter>DataSource</Filter>
    </ClCompile>
  </ItemGroup>
  <ItemGroup>
    <ClInclude Include="DataSource\DataSource.h">
      <Filter>DataSource</Filter>
    </ClInclude>
    <ClInclude Include="DataSource\SqlDataSource.h">
      <Filter>DataSource</Filter>
    </ClInclude>
    <ClInclude Include="Sqf.h" />
    <ClInclude Include="Version.h" />
    <ClInclude Include="Startup.h" />
    <ClInclude Include="HiveExt.h" />
    <ClInclude Include="DataSource\DataSourceCustom.h">
      <Filter>DataSource</Filter>
    </ClInclude>
    <ClInclude Include="DataSource\DataSourceCharacter.h">
      <Filter>DataSource</Filter>
    </ClInclude>
    <ClInclude Include="DataSource\DataSourceObject.h">
      <Filter>DataSource</Filter>
    </ClInclude>
    <ClInclude Include="DataSource\SqlDataSourceObject.h">
      <Filter>DataSource</Filter>
    </ClInclude>
    <ClInclude Include="DataSource\SqlDataSourceCharacter.h">
      <Filter>DataSource</Filter>
    </ClInclude>
    <ClInclude Include="DataSource\SqlDataSourceCustom.h">
      <Filter>DataSource</Filter>
    </ClInclude>
  </ItemGroup>
</Project>